
Microsoft Visual Studio Solution File, Format Version 12.00
# Visual Studio Version 17
VisualStudioVersion = 17.10.35122.118
MinimumVisualStudioVersion = 10.0.40219.1
Project("{D2ABAB84-BF74-430A-B69E-9DC6D40DDA17}") = "pharmacy", "pharmacy\pharmacy.dwproj", "{2606D5B9-AABA-497B-B927-E63E471B0FEA}"
EndProject
Global
	GlobalSection(SolutionConfigurationPlatforms) = preSolution
		Development|Default = Development|Default
	EndGlobalSection
	GlobalSection(ProjectConfigurationPlatforms) = postSolution
		{2606D5B9-AABA-497B-B927-E63E471B0FEA}.Development|Default.ActiveCfg = Development
		{2606D5B9-AABA-497B-B927-E63E471B0FEA}.Development|Default.Build.0 = Development
		{2606D5B9-AABA-497B-B927-E63E471B0FEA}.Development|Default.Deploy.0 = Development
	EndGlobalSection
	GlobalSection(SolutionProperties) = preSolution
		HideSolutionNode = FALSE
	EndGlobalSection
	GlobalSection(ExtensibilityGlobals) = postSolution
		SolutionGuid = {A5E5A92B-CEB6-46FC-AE22-13745E610D13}
	EndGlobalSection
EndGlobal
